version = 1
revision = 3
requires-python = ">=3.14"

[[package]]
name = "pulsectl"
version = "24.11.0"
source = { registry = "https://pypi.org/simple" }
sdist = { url = "https://files.pythonhosted.org/packages/50/41/3c2ab3ecf4f708e155a93a23f42a6f9be1cf3cfd5d4faed197bf9e34ef86/pulsectl-24.11.0.tar.gz", hash = "sha256:0ba32745d3f198d5657af19f7ee3eb007af5a86a306ec3cd45af42e767820d0d", size = 41166, upload-time = "2024-11-01T15:56:02.941Z" }
wheels = [
    { url = "https://files.pythonhosted.org/packages/7f/0d/3e12ca4c2c97509597a3a082813d12b5a9c656ae04bc7c02b29ff128c809/pulsectl-24.11.0-py2.py3-none-any.whl", hash = "sha256:7d49641656c88e897492092d1940276e9e83351b3f1a75ee2d02ebc45bb89228", size = 35123, upload-time = "2024-11-01T15:56:01.481Z" },
]

[[package]]
name = "pulsectl-asyncio"
version = "1.2.2"
source = { registry = "https://pypi.org/simple" }
dependencies = [
    { name = "pulsectl" },
]
sdist = { url = "https://files.pythonhosted.org/packages/62/6c/cf1c49abd874edd460d4c68d860d0dc2605b9fd5958a7ba925e3b0c1ec9b/pulsectl_asyncio-1.2.2.tar.gz", hash = "sha256:ee4c427a10f44d2e38065e480668a47316b5d93612ebe3d05d9318f0fe0d417f", size = 21963, upload-time = "2024-11-02T10:04:20.809Z" }
wheels = [
    { url = "https://files.pythonhosted.org/packages/33/aa/7eb363c7c8a697f6c97c2861f6699213a4418d11119198746142a8cce731/pulsectl_asyncio-1.2.2-py3-none-any.whl", hash = "sha256:21c47bcba63e01fe25e2326d73c85952e1aa59174bc51fe4f96bd1ffcc3a6850", size = 16694, upload-time = "2024-11-02T10:04:19.138Z" },
]

[[package]]
name = "volnotd"
version = "0.1.0"
source = { virtual = "." }
dependencies = [
    { name = "pulsectl-asyncio" },
]

[package.metadata]
requires-dist = [{ name = "pulsectl-asyncio", specifier = ">=1.2.2" }]
